// !$*UTF8*$!
{
	archiveVersion = 1;
	classes = {
	};
	objectVersion = 56;
	objects = {

/* Begin PBXBuildFile section */
		DA1806B92A5BEDBE00D91177 /* AstronautsApp.swift in Sources */ = {isa = PBXBuildFile; fileRef = DA1806B82A5BEDBE00D91177 /* AstronautsApp.swift */; };
		DA1806BD2A5BEDC000D91177 /* Assets.xcassets in Resources */ = {isa = PBXBuildFile; fileRef = DA1806BC2A5BEDC000D91177 /* Assets.xcassets */; };
		DA1806C02A5BEDC000D91177 /* Preview Assets.xcassets in Resources */ = {isa = PBXBuildFile; fileRef = DA1806BF2A5BEDC000D91177 /* Preview Assets.xcassets */; };
		DA1806CA2A5BEDC000D91177 /* AstronautsTests.swift in Sources */ = {isa = PBXBuildFile; fileRef = DA1806C92A5BEDC000D91177 /* AstronautsTests.swift */; };
		DA1806D42A5BEDC000D91177 /* AstronautsUITests.swift in Sources */ = {isa = PBXBuildFile; fileRef = DA1806D32A5BEDC000D91177 /* AstronautsUITests.swift */; };
		DA1806D62A5BEDC000D91177 /* AstronautsUITestsLaunchTests.swift in Sources */ = {isa = PBXBuildFile; fileRef = DA1806D52A5BEDC000D91177 /* AstronautsUITestsLaunchTests.swift */; };
		DA1806E82A5BEF9000D91177 /* AstronautsView.swift in Sources */ = {isa = PBXBuildFile; fileRef = DA1806E72A5BEF9000D91177 /* AstronautsView.swift */; };
/* End PBXBuildFile section */

/* Begin PBXContainerItemProxy section */
		DA1806C62A5BEDC000D91177 /* PBXContainerItemProxy */ = {
			isa = PBXContainerItemProxy;
			containerPortal = DA1806AD2A5BEDBE00D91177 /* Project object */;
			proxyType = 1;
			remoteGlobalIDString = DA1806B42A5BEDBE00D91177;
			remoteInfo = Astronauts;
		};
		DA1806D02A5BEDC000D91177 /* PBXContainerItemProxy */ = {
			isa = PBXContainerItemProxy;
			containerPortal = DA1806AD2A5BEDBE00D91177 /* Project object */;
			proxyType = 1;
			remoteGlobalIDString = DA1806B42A5BEDBE00D91177;
			remoteInfo = Astronauts;
		};
/* End PBXContainerItemProxy section */

/* Begin PBXFileReference section */
		DA1806B52A5BEDBE00D91177 /* Astronauts.app */ = {isa = PBXFileReference; explicitFileType = wrapper.application; includeInIndex = 0; path = Astronauts.app; sourceTree = BUILT_PRODUCTS_DIR; };
		DA1806B82A5BEDBE00D91177 /* AstronautsApp.swift */ = {isa = PBXFileReference; lastKnownFileType = sourcecode.swift; path = AstronautsApp.swift; sourceTree = "<group>"; };
		DA1806BC2A5BEDC000D91177 /* Assets.xcassets */ = {isa = PBXFileReference; lastKnownFileType = folder.assetcatalog; path = Assets.xcassets; sourceTree = "<group>"; };
		DA1806BF2A5BEDC000D91177 /* Preview Assets.xcassets */ = {isa = PBXFileReference; lastKnownFileType = folder.assetcatalog; path = "Preview Assets.xcassets"; sourceTree = "<group>"; };
		DA1806C52A5BEDC000D91177 /* AstronautsTests.xctest */ = {isa = PBXFileReference; explicitFileType = wrapper.cfbundle; includeInIndex = 0; path = AstronautsTests.xctest; sourceTree = BUILT_PRODUCTS_DIR; };
		DA1806C92A5BEDC000D91177 /* AstronautsTests.swift */ = {isa = PBXFileReference; lastKnownFileType = sourcecode.swift; path = AstronautsTests.swift; sourceTree = "<group>"; };
		DA1806CF2A5BEDC000D91177 /* AstronautsUITests.xctest */ = {isa = PBXFileReference; explicitFileType = wrapper.cfbundle; includeInIndex = 0; path = AstronautsUITests.xctest; sourceTree = BUILT_PRODUCTS_DIR; };
		DA1806D32A5BEDC000D91177 /* AstronautsUITests.swift */ = {isa = PBXFileReference; lastKnownFileType = sourcecode.swift; path = AstronautsUITests.swift; sourceTree = "<group>"; };
		DA1806D52A5BEDC000D91177 /* AstronautsUITestsLaunchTests.swift */ = {isa = PBXFileReference; lastKnownFileType = sourcecode.swift; path = AstronautsUITestsLaunchTests.swift; sourceTree = "<group>"; };
		DA1806E72A5BEF9000D91177 /* AstronautsView.swift */ = {isa = PBXFileReference; lastKnownFileType = sourcecode.swift; path = AstronautsView.swift; sourceTree = "<group>"; };
/* End PBXFileReference section */

/* Begin PBXFrameworksBuildPhase section */
		DA1806B22A5BEDBE00D91177 /* Frameworks */ = {
			isa = PBXFrameworksBuildPhase;
			buildActionMask = 2147483647;
			files = (
			);
			runOnlyForDeploymentPostprocessing = 0;
		};
		DA1806C22A5BEDC000D91177 /* Frameworks */ = {
			isa = PBXFrameworksBuildPhase;
			buildActionMask = 2147483647;
			files = (
			);
			runOnlyForDeploymentPostprocessing = 0;
		};
		DA1806CC2A5BEDC000D91177 /* Frameworks */ = {
			isa = PBXFrameworksBuildPhase;
			buildActionMask = 2147483647;
			files = (
			);
			runOnlyForDeploymentPostprocessing = 0;
		};
/* End PBXFrameworksBuildPhase section */

/* Begin PBXGroup section */
		DA1806AC2A5BEDBE00D91177 = {
			isa = PBXGroup;
			children = (
				DA1806B72A5BEDBE00D91177 /* Astronauts */,
				DA1806C82A5BEDC000D91177 /* AstronautsTests */,
				DA1806D22A5BEDC000D91177 /* AstronautsUITests */,
				DA1806B62A5BEDBE00D91177 /* Products */,
			);
			sourceTree = "<group>";
		};
		DA1806B62A5BEDBE00D91177 /* Products */ = {
			isa = PBXGroup;
			children = (
				DA1806B52A5BEDBE00D91177 /* Astronauts.app */,
				DA1806C52A5BEDC000D91177 /* AstronautsTests.xctest */,
				DA1806CF2A5BEDC000D91177 /* AstronautsUITests.xctest */,
			);
			name = Products;
			sourceTree = "<group>";
		};
		DA1806B72A5BEDBE00D91177 /* Astronauts */ = {
			isa = PBXGroup;
			children = (
				DA1806B82A5BEDBE00D91177 /* AstronautsApp.swift */,
				DA1806BC2A5BEDC000D91177 /* Assets.xcassets */,
				DA1806BE2A5BEDC000D91177 /* Preview Content */,
				DA1806E42A5BEF4700D91177 /* Astronauts */,
			);
			path = Astronauts;
			sourceTree = "<group>";
		};
		DA1806BE2A5BEDC000D91177 /* Preview Content */ = {
			isa = PBXGroup;
			children = (
				DA1806BF2A5BEDC000D91177 /* Preview Assets.xcassets */,
			);
			path = "Preview Content";
			sourceTree = "<group>";
		};
		DA1806C82A5BEDC000D91177 /* AstronautsTests */ = {
			isa = PBXGroup;
			children = (
				DA1806C92A5BEDC000D91177 /* AstronautsTests.swift */,
			);
			path = AstronautsTests;
			sourceTree = "<group>";
		};
		DA1806D22A5BEDC000D91177 /* AstronautsUITests */ = {
			isa = PBXGroup;
			children = (
				DA1806D32A5BEDC000D91177 /* AstronautsUITests.swift */,
				DA1806D52A5BEDC000D91177 /* AstronautsUITestsLaunchTests.swift */,
			);
			path = AstronautsUITests;
			sourceTree = "<group>";
		};
		DA1806E42A5BEF4700D91177 /* Astronauts */ = {
			isa = PBXGroup;
			children = (
				DA1806E52A5BEF6200D91177 /* Views */,
				DA1806E62A5BEF6900D91177 /* View Models */,
			);
			path = Astronauts;
			sourceTree = "<group>";
		};
		DA1806E52A5BEF6200D91177 /* Views */ = {
			isa = PBXGroup;
			children = (
				DA1806E72A5BEF9000D91177 /* AstronautsView.swift */,
			);
			path = Views;
			sourceTree = "<group>";
		};
		DA1806E62A5BEF6900D91177 /* View Models */ = {
			isa = PBXGroup;
			children = (
			);
			path = "View Models";
			sourceTree = "<group>";
		};
/* End PBXGroup section */

/* Begin PBXNativeTarget section */
		DA1806B42A5BEDBE00D91177 /* Astronauts */ = {
			isa = PBXNativeTarget;
			buildConfigurationList = DA1806D92A5BEDC000D91177 /* Build configuration list for PBXNativeTarget "Astronauts" */;
			buildPhases = (
				DA1806B12A5BEDBE00D91177 /* Sources */,
				DA1806B22A5BEDBE00D91177 /* Frameworks */,
				DA1806B32A5BEDBE00D91177 /* Resources */,
			);
			buildRules = (
			);
			dependencies = (
			);
			name = Astronauts;
			productName = Astronauts;
			productReference = DA1806B52A5BEDBE00D91177 /* Astronauts.app */;
			productType = "com.apple.product-type.application";
		};
		DA1806C42A5BEDC000D91177 /* AstronautsTests */ = {
			isa = PBXNativeTarget;
			buildConfigurationList = DA1806DC2A5BEDC000D91177 /* Build configuration list for PBXNativeTarget "AstronautsTests" */;
			buildPhases = (
				DA1806C12A5BEDC000D91177 /* Sources */,
				DA1806C22A5BEDC000D91177 /* Frameworks */,
				DA1806C32A5BEDC000D91177 /* Resources */,
			);
			buildRules = (
			);
			dependencies = (
				DA1806C72A5BEDC000D91177 /* PBXTargetDependency */,
			);
			name = AstronautsTests;
			productName = AstronautsTests;
			productReference = DA1806C52A5BEDC000D91177 /* AstronautsTests.xctest */;
			productType = "com.apple.product-type.bundle.unit-test";
		};
		DA1806CE2A5BEDC000D91177 /* AstronautsUITests */ = {
			isa = PBXNativeTarget;
			buildConfigurationList = DA1806DF2A5BEDC000D91177 /* Build configuration list for PBXNativeTarget "AstronautsUITests" */;
			buildPhases = (
				DA1806CB2A5BEDC000D91177 /* Sources */,
				DA1806CC2A5BEDC000D91177 /* Frameworks */,
				DA1806CD2A5BEDC000D91177 /* Resources */,
			);
			buildRules = (
			);
			dependencies = (
				DA1806D12A5BEDC000D91177 /* PBXTargetDependency */,
			);
			name = AstronautsUITests;
			productName = AstronautsUITests;
			productReference = DA1806CF2A5BEDC000D91177 /* AstronautsUITests.xctest */;
			productType = "com.apple.product-type.bundle.ui-testing";
		};
/* End PBXNativeTarget section */

/* Begin PBXProject section */
		DA1806AD2A5BEDBE00D91177 /* Project object */ = {
			isa = PBXProject;
			attributes = {
				BuildIndependentTargetsInParallel = 1;
				LastSwiftUpdateCheck = 1430;
				LastUpgradeCheck = 1430;
				TargetAttributes = {
					DA1806B42A5BEDBE00D91177 = {
						CreatedOnToolsVersion = 14.3.1;
					};
					DA1806C42A5BEDC000D91177 = {
						CreatedOnToolsVersion = 14.3.1;
						TestTargetID = DA1806B42A5BEDBE00D91177;
					};
					DA1806CE2A5BEDC000D91177 = {
						CreatedOnToolsVersion = 14.3.1;
						TestTargetID = DA1806B42A5BEDBE00D91177;
					};
				};
			};
			buildConfigurationList = DA1806B02A5BEDBE00D91177 /* Build configuration list for PBXProject "Astronauts" */;
			compatibilityVersion = "Xcode 14.0";
			developmentRegion = en;
			hasScannedForEncodings = 0;
			knownRegions = (
				en,
				Base,
			);
			mainGroup = DA1806AC2A5BEDBE00D91177;
			productRefGroup = DA1806B62A5BEDBE00D91177 /* Products */;
			projectDirPath = "";
			projectRoot = "";
			targets = (
				DA1806B42A5BEDBE00D91177 /* Astronauts */,
				DA1806C42A5BEDC000D91177 /* AstronautsTests */,
				DA1806CE2A5BEDC000D91177 /* AstronautsUITests */,
			);
		};
/* End PBXProject section */

/* Begin PBXResourcesBuildPhase section */
		DA1806B32A5BEDBE00D91177 /* Resources */ = {
			isa = PBXResourcesBuildPhase;
			buildActionMask = 2147483647;
			files = (
				DA1806C02A5BEDC000D91177 /* Preview Assets.xcassets in Resources */,
				DA1806BD2A5BEDC000D91177 /* Assets.xcassets in Resources */,
			);
			runOnlyForDeploymentPostprocessing = 0;
		};
		DA1806C32A5BEDC000D91177 /* Resources */ = {
			isa = PBXResourcesBuildPhase;
			buildActionMask = 2147483647;
			files = (
			);
			runOnlyForDeploymentPostprocessing = 0;
		};
		DA1806CD2A5BEDC000D91177 /* Resources */ = {
			isa = PBXResourcesBuildPhase;
			buildActionMask = 2147483647;
			files = (
			);
			runOnlyForDeploymentPostprocessing = 0;
		};
/* End PBXResourcesBuildPhase section */

/* Begin PBXSourcesBuildPhase section */
		DA1806B12A5BEDBE00D91177 /* Sources */ = {
			isa = PBXSourcesBuildPhase;
			buildActionMask = 2147483647;
			files = (
				DA1806E82A5BEF9000D91177 /* AstronautsView.swift in Sources */,
				DA1806B92A5BEDBE00D91177 /* AstronautsApp.swift in Sources */,
			);
			runOnlyForDeploymentPostprocessing = 0;
		};
		DA1806C12A5BEDC000D91177 /* Sources */ = {
			isa = PBXSourcesBuildPhase;
			buildActionMask = 2147483647;
			files = (
				DA1806CA2A5BEDC000D91177 /* AstronautsTests.swift in Sources */,
			);
			runOnlyForDeploymentPostprocessing = 0;
		};
		DA1806CB2A5BEDC000D91177 /* Sources */ = {
			isa = PBXSourcesBuildPhase;
			buildActionMask = 2147483647;
			files = (
				DA1806D62A5BEDC000D91177 /* AstronautsUITestsLaunchTests.swift in Sources */,
				DA1806D42A5BEDC000D91177 /* AstronautsUITests.swift in Sources */,
			);
			runOnlyForDeploymentPostprocessing = 0;
		};
/* End PBXSourcesBuildPhase section */

/* Begin PBXTargetDependency section */
		DA1806C72A5BEDC000D91177 /* PBXTargetDependency */ = {
			isa = PBXTargetDependency;
			target = DA1806B42A5BEDBE00D91177 /* Astronauts */;
			targetProxy = DA1806C62A5BEDC000D91177 /* PBXContainerItemProxy */;
		};
		DA1806D12A5BEDC000D91177 /* PBXTargetDependency */ = {
			isa = PBXTargetDependency;
			target = DA1806B42A5BEDBE00D91177 /* Astronauts */;
			targetProxy = DA1806D02A5BEDC000D91177 /* PBXContainerItemProxy */;
		};
/* End PBXTargetDependency section */

/* Begin XCBuildConfiguration section */
		DA1806D72A5BEDC000D91177 /* Debug */ = {
			isa = XCBuildConfiguration;
			buildSettings = {
				ALWAYS_SEARCH_USER_PATHS = NO;
				CLANG_ANALYZER_NONNULL = YES;
				CLANG_ANALYZER_NUMBER_OBJECT_CONVERSION = YES_AGGRESSIVE;
				CLANG_CXX_LANGUAGE_STANDARD = "gnu++20";
				CLANG_ENABLE_MODULES = YES;
				CLANG_ENABLE_OBJC_ARC = YES;
				CLANG_ENABLE_OBJC_WEAK = YES;
				CLANG_WARN_BLOCK_CAPTURE_AUTORELEASING = YES;
				CLANG_WARN_BOOL_CONVERSION = YES;
				CLANG_WARN_COMMA = YES;
				CLANG_WARN_CONSTANT_CONVERSION = YES;
				CLANG_WARN_DEPRECATED_OBJC_IMPLEMENTATIONS = YES;
				CLANG_WARN_DIRECT_OBJC_ISA_USAGE = YES_ERROR;
				CLANG_WARN_DOCUMENTATION_COMMENTS = YES;
				CLANG_WARN_EMPTY_BODY = YES;
				CLANG_WARN_ENUM_CONVERSION = YES;
				CLANG_WARN_INFINITE_RECURSION = YES;
				CLANG_WARN_INT_CONVERSION = YES;
				CLANG_WARN_NON_LITERAL_NULL_CONVERSION = YES;
				CLANG_WARN_OBJC_IMPLICIT_RETAIN_SELF = YES;
				CLANG_WARN_OBJC_LITERAL_CONVERSION = YES;
				CLANG_WARN_OBJC_ROOT_CLASS = YES_ERROR;
				CLANG_WARN_QUOTED_INCLUDE_IN_FRAMEWORK_HEADER = YES;
				CLANG_WARN_RANGE_LOOP_ANALYSIS = YES;
				CLANG_WARN_STRICT_PROTOTYPES = YES;
				CLANG_WARN_SUSPICIOUS_MOVE = YES;
				CLANG_WARN_UNGUARDED_AVAILABILITY = YES_AGGRESSIVE;
				CLANG_WARN_UNREACHABLE_CODE = YES;
				CLANG_WARN__DUPLICATE_METHOD_MATCH = YES;
				COPY_PHASE_STRIP = NO;
				DEBUG_INFORMATION_FORMAT = dwarf;
				ENABLE_STRICT_OBJC_MSGSEND = YES;
				ENABLE_TESTABILITY = YES;
				GCC_C_LANGUAGE_STANDARD = gnu11;
				GCC_DYNAMIC_NO_PIC = NO;
				GCC_NO_COMMON_BLOCKS = YES;
				GCC_OPTIMIZATION_LEVEL = 0;
				GCC_PREPROCESSOR_DEFINITIONS = (
					"DEBUG=1",
					"$(inherited)",
				);
				GCC_WARN_64_TO_32_BIT_CONVERSION = YES;
				GCC_WARN_ABOUT_RETURN_TYPE = YES_ERROR;
				GCC_WARN_UNDECLARED_SELECTOR = YES;
				GCC_WARN_UNINITIALIZED_AUTOS = YES_AGGRESSIVE;
				GCC_WARN_UNUSED_FUNCTION = YES;
				GCC_WARN_UNUSED_VARIABLE = YES;
				IPHONEOS_DEPLOYMENT_TARGET = 16.4;
				MTL_ENABLE_DEBUG_INFO = INCLUDE_SOURCE;
				MTL_FAST_MATH = YES;
				ONLY_ACTIVE_ARCH = YES;
				SDKROOT = iphoneos;
				SWIFT_ACTIVE_COMPILATION_CONDITIONS = DEBUG;
				SWIFT_OPTIMIZATION_LEVEL = "-Onone";
			};
			name = Debug;
		};
		DA1806D82A5BEDC000D91177 /* Release */ = {
			isa = XCBuildConfiguration;
			buildSettings = {
				ALWAYS_SEARCH_USER_PATHS = NO;
				CLANG_ANALYZER_NONNULL = YES;
				CLANG_ANALYZER_NUMBER_OBJECT_CONVERSION = YES_AGGRESSIVE;
				CLANG_CXX_LANGUAGE_STANDARD = "gnu++20";
				CLANG_ENABLE_MODULES = YES;
				CLANG_ENABLE_OBJC_ARC = YES;
				CLANG_ENABLE_OBJC_WEAK = YES;
				CLANG_WARN_BLOCK_CAPTURE_AUTORELEASING = YES;
				CLANG_WARN_BOOL_CONVERSION = YES;
				CLANG_WARN_COMMA = YES;
				CLANG_WARN_CONSTANT_CONVERSION = YES;
				CLANG_WARN_DEPRECATED_OBJC_IMPLEMENTATIONS = YES;
				CLANG_WARN_DIRECT_OBJC_ISA_USAGE = YES_ERROR;
				CLANG_WARN_DOCUMENTATION_COMMENTS = YES;
				CLANG_WARN_EMPTY_BODY = YES;
				CLANG_WARN_ENUM_CONVERSION = YES;
				CLANG_WARN_INFINITE_RECURSION = YES;
				CLANG_WARN_INT_CONVERSION = YES;
				CLANG_WARN_NON_LITERAL_NULL_CONVERSION = YES;
				CLANG_WARN_OBJC_IMPLICIT_RETAIN_SELF = YES;
				CLANG_WARN_OBJC_LITERAL_CONVERSION = YES;
				CLANG_WARN_OBJC_ROOT_CLASS = YES_ERROR;
				CLANG_WARN_QUOTED_INCLUDE_IN_FRAMEWORK_HEADER = YES;
				CLANG_WARN_RANGE_LOOP_ANALYSIS = YES;
				CLANG_WARN_STRICT_PROTOTYPES = YES;
				CLANG_WARN_SUSPICIOUS_MOVE = YES;
				CLANG_WARN_UNGUARDED_AVAILABILITY = YES_AGGRESSIVE;
				CLANG_WARN_UNREACHABLE_CODE = YES;
				CLANG_WARN__DUPLICATE_METHOD_MATCH = YES;
				COPY_PHASE_STRIP = NO;
				DEBUG_INFORMATION_FORMAT = "dwarf-with-dsym";
				ENABLE_NS_ASSERTIONS = NO;
				ENABLE_STRICT_OBJC_MSGSEND = YES;
				GCC_C_LANGUAGE_STANDARD = gnu11;
				GCC_NO_COMMON_BLOCKS = YES;
				GCC_WARN_64_TO_32_BIT_CONVERSION = YES;
				GCC_WARN_ABOUT_RETURN_TYPE = YES_ERROR;
				GCC_WARN_UNDECLARED_SELECTOR = YES;
				GCC_WARN_UNINITIALIZED_AUTOS = YES_AGGRESSIVE;
				GCC_WARN_UNUSED_FUNCTION = YES;
				GCC_WARN_UNUSED_VARIABLE = YES;
				IPHONEOS_DEPLOYMENT_TARGET = 16.4;
				MTL_ENABLE_DEBUG_INFO = NO;
				MTL_FAST_MATH = YES;
				SDKROOT = iphoneos;
				SWIFT_COMPILATION_MODE = wholemodule;
				SWIFT_OPTIMIZATION_LEVEL = "-O";
				VALIDATE_PRODUCT = YES;
			};
			name = Release;
		};
		DA1806DA2A5BEDC000D91177 /* Debug */ = {
			isa = XCBuildConfiguration;
			buildSettings = {
				ASSETCATALOG_COMPILER_APPICON_NAME = AppIcon;
				ASSETCATALOG_COMPILER_GLOBAL_ACCENT_COLOR_NAME = AccentColor;
				CODE_SIGN_STYLE = Automatic;
				CURRENT_PROJECT_VERSION = 1;
				DEVELOPMENT_ASSET_PATHS = "\"Astronauts/Preview Content\"";
				DEVELOPMENT_TEAM = UC6H82UP9B;
				ENABLE_PREVIEWS = YES;
				GENERATE_INFOPLIST_FILE = YES;
				INFOPLIST_KEY_UIApplicationSceneManifest_Generation = YES;
				INFOPLIST_KEY_UIApplicationSupportsIndirectInputEvents = YES;
				INFOPLIST_KEY_UILaunchScreen_Generation = YES;
				INFOPLIST_KEY_UISupportedInterfaceOrientations_iPad = "UIInterfaceOrientationPortrait UIInterfaceOrientationPortraitUpsideDown UIInterfaceOrientationLandscapeLeft UIInterfaceOrientationLandscapeRight";
				INFOPLIST_KEY_UISupportedInterfaceOrientations_iPhone = "UIInterfaceOrientationPortrait UIInterfaceOrientationLandscapeLeft UIInterfaceOrientationLandscapeRight";
				LD_RUNPATH_SEARCH_PATHS = (
					"$(inherited)",
					"@executable_path/Frameworks",
				);
				MARKETING_VERSION = 1.0;
				PRODUCT_BUNDLE_IDENTIFIER = com.plrichardson.Astronauts;
				PRODUCT_NAME = "$(TARGET_NAME)";
				SWIFT_EMIT_LOC_STRINGS = YES;
				SWIFT_VERSION = 5.0;
				TARGETED_DEVICE_FAMILY = "1,2";
			};
			name = Debug;
		};
		DA1806DB2A5BEDC000D91177 /* Release */ = {
			isa = XCBuildConfiguration;
			buildSettings = {
				ASSETCATALOG_COMPILER_APPICON_NAME = AppIcon;
				ASSETCATALOG_COMPILER_GLOBAL_ACCENT_COLOR_NAME = AccentColor;
				CODE_SIGN_STYLE = Automatic;
				CURRENT_PROJECT_VERSION = 1;
				DEVELOPMENT_ASSET_PATHS = "\"Astronauts/Preview Content\"";
				DEVELOPMENT_TEAM = UC6H82UP9B;
				ENABLE_PREVIEWS = YES;
				GENERATE_INFOPLIST_FILE = YES;
				INFOPLIST_KEY_UIApplicationSceneManifest_Generation = YES;
				INFOPLIST_KEY_UIApplicationSupportsIndirectInputEvents = YES;
				INFOPLIST_KEY_UILaunchScreen_Generation = YES;
				INFOPLIST_KEY_UISupportedInterfaceOrientations_iPad = "UIInterfaceOrientationPortrait UIInterfaceOrientationPortraitUpsideDown UIInterfaceOrientationLandscapeLeft UIInterfaceOrientationLandscapeRight";
				INFOPLIST_KEY_UISupportedInterfaceOrientations_iPhone = "UIInterfaceOrientationPortrait UIInterfaceOrientationLandscapeLeft UIInterfaceOrientationLandscapeRight";
				LD_RUNPATH_SEARCH_PATHS = (
					"$(inherited)",
					"@executable_path/Frameworks",
				);
				MARKETING_VERSION = 1.0;
				PRODUCT_BUNDLE_IDENTIFIER = com.plrichardson.Astronauts;
				PRODUCT_NAME = "$(TARGET_NAME)";
				SWIFT_EMIT_LOC_STRINGS = YES;
				SWIFT_VERSION = 5.0;
				TARGETED_DEVICE_FAMILY = "1,2";
			};
			name = Release;
		};
		DA1806DD2A5BEDC000D91177 /* Debug */ = {
			isa = XCBuildConfiguration;
			buildSettings = {
				ALWAYS_EMBED_SWIFT_STANDARD_LIBRARIES = YES;
				BUNDLE_LOADER = "$(TEST_HOST)";
				CODE_SIGN_STYLE = Automatic;
				CURRENT_PROJECT_VERSION = 1;
				DEVELOPMENT_TEAM = UC6H82UP9B;
				GENERATE_INFOPLIST_FILE = YES;
				IPHONEOS_DEPLOYMENT_TARGET = 16.4;
				MARKETING_VERSION = 1.0;
				PRODUCT_BUNDLE_IDENTIFIER = com.plrichardson.AstronautsTests;
				PRODUCT_NAME = "$(TARGET_NAME)";
				SWIFT_EMIT_LOC_STRINGS = NO;
				SWIFT_VERSION = 5.0;
				TARGETED_DEVICE_FAMILY = "1,2";
				TEST_HOST = "$(BUILT_PRODUCTS_DIR)/Astronauts.app/$(BUNDLE_EXECUTABLE_FOLDER_PATH)/Astronauts";
			};
			name = Debug;
		};
		DA1806DE2A5BEDC000D91177 /* Release */ = {
			isa = XCBuildConfiguration;
			buildSettings = {
				ALWAYS_EMBED_SWIFT_STANDARD_LIBRARIES = YES;
				BUNDLE_LOADER = "$(TEST_HOST)";
				CODE_SIGN_STYLE = Automatic;
				CURRENT_PROJECT_VERSION = 1;
				DEVELOPMENT_TEAM = UC6H82UP9B;
				GENERATE_INFOPLIST_FILE = YES;
				IPHONEOS_DEPLOYMENT_TARGET = 16.4;
				MARKETING_VERSION = 1.0;
				PRODUCT_BUNDLE_IDENTIFIER = com.plrichardson.AstronautsTests;
				PRODUCT_NAME = "$(TARGET_NAME)";
				SWIFT_EMIT_LOC_STRINGS = NO;
				SWIFT_VERSION = 5.0;
				TARGETED_DEVICE_FAMILY = "1,2";
				TEST_HOST = "$(BUILT_PRODUCTS_DIR)/Astronauts.app/$(BUNDLE_EXECUTABLE_FOLDER_PATH)/Astronauts";
			};
			name = Release;
		};
		DA1806E02A5BEDC000D91177 /* Debug */ = {
			isa = XCBuildConfiguration;
			buildSettings = {
				ALWAYS_EMBED_SWIFT_STANDARD_LIBRARIES = YES;
				CODE_SIGN_STYLE = Automatic;
				CURRENT_PROJECT_VERSION = 1;
				DEVELOPMENT_TEAM = UC6H82UP9B;
				GENERATE_INFOPLIST_FILE = YES;
				MARKETING_VERSION = 1.0;
				PRODUCT_BUNDLE_IDENTIFIER = com.plrichardson.AstronautsUITests;
				PRODUCT_NAME = "$(TARGET_NAME)";
				SWIFT_EMIT_LOC_STRINGS = NO;
				SWIFT_VERSION = 5.0;
				TARGETED_DEVICE_FAMILY = "1,2";
				TEST_TARGET_NAME = Astronauts;
			};
			name = Debug;
		};
		DA1806E12A5BEDC000D91177 /* Release */ = {
			isa = XCBuildConfiguration;
			buildSettings = {
				ALWAYS_EMBED_SWIFT_STANDARD_LIBRARIES = YES;
				CODE_SIGN_STYLE = Automatic;
				CURRENT_PROJECT_VERSION = 1;
				DEVELOPMENT_TEAM = UC6H82UP9B;
				GENERATE_INFOPLIST_FILE = YES;
				MARKETING_VERSION = 1.0;
				PRODUCT_BUNDLE_IDENTIFIER = com.plrichardson.AstronautsUITests;
				PRODUCT_NAME = "$(TARGET_NAME)";
				SWIFT_EMIT_LOC_STRINGS = NO;
				SWIFT_VERSION = 5.0;
				TARGETED_DEVICE_FAMILY = "1,2";
				TEST_TARGET_NAME = Astronauts;
			};
			name = Release;
		};
/* End XCBuildConfiguration section */

/* Begin XCConfigurationList section */
		DA1806B02A5BEDBE00D91177 /* Build configuration list for PBXProject "Astronauts" */ = {
			isa = XCConfigurationList;
			buildConfigurations = (
				DA1806D72A5BEDC000D91177 /* Debug */,
				DA1806D82A5BEDC000D91177 /* Release */,
			);
			defaultConfigurationIsVisible = 0;
			defaultConfigurationName = Release;
		};
		DA1806D92A5BEDC000D91177 /* Build configuration list for PBXNativeTarget "Astronauts" */ = {
			isa = XCConfigurationList;
			buildConfigurations = (
				DA1806DA2A5BEDC000D91177 /* Debug */,
				DA1806DB2A5BEDC000D91177 /* Release */,
			);
			defaultConfigurationIsVisible = 0;
			defaultConfigurationName = Release;
		};
		DA1806DC2A5BEDC000D91177 /* Build configuration list for PBXNativeTarget "AstronautsTests" */ = {
			isa = XCConfigurationList;
			buildConfigurations = (
				DA1806DD2A5BEDC000D91177 /* Debug */,
				DA1806DE2A5BEDC000D91177 /* Release */,
			);
			defaultConfigurationIsVisible = 0;
			defaultConfigurationName = Release;
		};
		DA1806DF2A5BEDC000D91177 /* Build configuration list for PBXNativeTarget "AstronautsUITests" */ = {
			isa = XCConfigurationList;
			buildConfigurations = (
				DA1806E02A5BEDC000D91177 /* Debug */,
				DA1806E12A5BEDC000D91177 /* Release */,
			);
			defaultConfigurationIsVisible = 0;
			defaultConfigurationName = Release;
		};
/* End XCConfigurationList section */
	};
	rootObject = DA1806AD2A5BEDBE00D91177 /* Project object */;
}
